
Microsoft Visual Studio Solution File, Format Version 12.00
# Visual Studio Version 17
VisualStudioVersion = 17.9.34622.214
MinimumVisualStudioVersion = 10.0.40219.1
Project("{9A19103F-16F7-4668-BE54-9A1E7A4F7556}") = "SoutienScolaireV1.Maui", "SoutienScolaireV1.Maui\SoutienScolaireV1.Maui.csproj", "{C571F09E-3BF1-4BDD-9C71-862DE5474A94}"
EndProject
Project("{9A19103F-16F7-4668-BE54-9A1E7A4F7556}") = "SoutienScolaireV1.Shared", "SoutienScolaireV1.Shared\SoutienScolaireV1.Shared.csproj", "{A3F5F889-1926-4DA8-9922-1395DE014B72}"
EndProject
Project("{9A19103F-16F7-4668-BE54-9A1E7A4F7556}") = "SoutienScolaireV1.Website", "SoutienScolaireV1.Website\SoutienScolaireV1.Website.csproj", "{AF50C78A-0633-447E-9F0C-EFC211D2F1E0}"
EndProject
Project("{9A19103F-16F7-4668-BE54-9A1E7A4F7556}") = "SoutienScolaireV1.Azure", "SoutienScolaireV1.Azure\SoutienScolaireV1.Azure.csproj", "{FA26C76B-9765-4A0B-A3F3-C0AA8C1B574D}"
EndProject
Global
	GlobalSection(SolutionConfigurationPlatforms) = preSolution
		Debug|Any CPU = Debug|Any CPU
		Release|Any CPU = Release|Any CPU
	EndGlobalSection
	GlobalSection(ProjectConfigurationPlatforms) = postSolution
		{C571F09E-3BF1-4BDD-9C71-862DE5474A94}.Debug|Any CPU.ActiveCfg = Debug|Any CPU
		{C571F09E-3BF1-4BDD-9C71-862DE5474A94}.Debug|Any CPU.Build.0 = Debug|Any CPU
		{C571F09E-3BF1-4BDD-9C71-862DE5474A94}.Debug|Any CPU.Deploy.0 = Debug|Any CPU
		{C571F09E-3BF1-4BDD-9C71-862DE5474A94}.Release|Any CPU.ActiveCfg = Release|Any CPU
		{C571F09E-3BF1-4BDD-9C71-862DE5474A94}.Release|Any CPU.Build.0 = Release|Any CPU
		{C571F09E-3BF1-4BDD-9C71-862DE5474A94}.Release|Any CPU.Deploy.0 = Release|Any CPU
		{A3F5F889-1926-4DA8-9922-1395DE014B72}.Debug|Any CPU.ActiveCfg = Debug|Any CPU
		{A3F5F889-1926-4DA8-9922-1395DE014B72}.Debug|Any CPU.Build.0 = Debug|Any CPU
		{A3F5F889-1926-4DA8-9922-1395DE014B72}.Release|Any CPU.ActiveCfg = Release|Any CPU
		{A3F5F889-1926-4DA8-9922-1395DE014B72}.Release|Any CPU.Build.0 = Release|Any CPU
		{AF50C78A-0633-447E-9F0C-EFC211D2F1E0}.Debug|Any CPU.ActiveCfg = Debug|Any CPU
		{AF50C78A-0633-447E-9F0C-EFC211D2F1E0}.Debug|Any CPU.Build.0 = Debug|Any CPU
		{AF50C78A-0633-447E-9F0C-EFC211D2F1E0}.Release|Any CPU.ActiveCfg = Release|Any CPU
		{AF50C78A-0633-447E-9F0C-EFC211D2F1E0}.Release|Any CPU.Build.0 = Release|Any CPU
		{FA26C76B-9765-4A0B-A3F3-C0AA8C1B574D}.Debug|Any CPU.ActiveCfg = Debug|Any CPU
		{FA26C76B-9765-4A0B-A3F3-C0AA8C1B574D}.Debug|Any CPU.Build.0 = Debug|Any CPU
		{FA26C76B-9765-4A0B-A3F3-C0AA8C1B574D}.Release|Any CPU.ActiveCfg = Release|Any CPU
		{FA26C76B-9765-4A0B-A3F3-C0AA8C1B574D}.Release|Any CPU.Build.0 = Release|Any CPU
	EndGlobalSection
	GlobalSection(SolutionProperties) = preSolution
		HideSolutionNode = FALSE
	EndGlobalSection
	GlobalSection(ExtensibilityGlobals) = postSolution
		SolutionGuid = {0D061E77-41A3-4832-9F85-D8029EF401F9}
	EndGlobalSection
EndGlobal
